
Microsoft Visual Studio Solution File, Format Version 12.00
# Visual Studio Version 16
VisualStudioVersion = 16.0.29519.87
MinimumVisualStudioVersion = 15.0.26124.0
Project("{9A19103F-16F7-4668-BE54-9A1E7A4F7556}") = "BitCobblers.StockTrader", "BitCobblers.StockTrader\BitCobblers.StockTrader.csproj", "{FDC7C720-EF66-4568-AF07-D827C52C88AB}"
EndProject
Project("{FAE04EC0-301F-11D3-BF4B-00C04F79EFBC}") = "BitCobblers.StockTrader.Android", "BitCobblers.StockTrader.Android\BitCobblers.StockTrader.Android.csproj", "{0CA3FA7A-E40E-467C-B1D1-63E6971BC03D}"
EndProject
Project("{FAE04EC0-301F-11D3-BF4B-00C04F79EFBC}") = "BitCobblers.StockTrader.iOS", "BitCobblers.StockTrader.iOS\BitCobblers.StockTrader.iOS.csproj", "{1ABF85D6-1C14-48ED-8DB4-5A2EBAF67F7E}"
EndProject
Project("{FAE04EC0-301F-11D3-BF4B-00C04F79EFBC}") = "BitCobblers.StockTrader.Tests", "BitCobblers.StockTrader.Tests\BitCobblers.StockTrader.Tests.csproj", "{7ED2BE16-937C-4257-80F2-C7D2FFBE011F}"
EndProject
Global
	GlobalSection(SolutionConfigurationPlatforms) = preSolution
		Debug|Any CPU = Debug|Any CPU
		Debug|iPhone = Debug|iPhone
		Debug|iPhoneSimulator = Debug|iPhoneSimulator
		Debug|x64 = Debug|x64
		Debug|x86 = Debug|x86
		Release|Any CPU = Release|Any CPU
		Release|iPhone = Release|iPhone
		Release|iPhoneSimulator = Release|iPhoneSimulator
		Release|x64 = Release|x64
		Release|x86 = Release|x86
	EndGlobalSection
	GlobalSection(ProjectConfigurationPlatforms) = postSolution
		{FDC7C720-EF66-4568-AF07-D827C52C88AB}.Debug|Any CPU.ActiveCfg = Debug|Any CPU
		{FDC7C720-EF66-4568-AF07-D827C52C88AB}.Debug|Any CPU.Build.0 = Debug|Any CPU
		{FDC7C720-EF66-4568-AF07-D827C52C88AB}.Debug|iPhone.ActiveCfg = Debug|Any CPU
		{FDC7C720-EF66-4568-AF07-D827C52C88AB}.Debug|iPhone.Build.0 = Debug|Any CPU
		{FDC7C720-EF66-4568-AF07-D827C52C88AB}.Debug|iPhoneSimulator.ActiveCfg = Debug|Any CPU
		{FDC7C720-EF66-4568-AF07-D827C52C88AB}.Debug|iPhoneSimulator.Build.0 = Debug|Any CPU
		{FDC7C720-EF66-4568-AF07-D827C52C88AB}.Debug|x64.ActiveCfg = Debug|Any CPU
		{FDC7C720-EF66-4568-AF07-D827C52C88AB}.Debug|x64.Build.0 = Debug|Any CPU
		{FDC7C720-EF66-4568-AF07-D827C52C88AB}.Debug|x86.ActiveCfg = Debug|Any CPU
		{FDC7C720-EF66-4568-AF07-D827C52C88AB}.Debug|x86.Build.0 = Debug|Any CPU
		{FDC7C720-EF66-4568-AF07-D827C52C88AB}.Release|Any CPU.ActiveCfg = Release|Any CPU
		{FDC7C720-EF66-4568-AF07-D827C52C88AB}.Release|Any CPU.Build.0 = Release|Any CPU
		{FDC7C720-EF66-4568-AF07-D827C52C88AB}.Release|iPhone.ActiveCfg = Release|Any CPU
		{FDC7C720-EF66-4568-AF07-D827C52C88AB}.Release|iPhone.Build.0 = Release|Any CPU
		{FDC7C720-EF66-4568-AF07-D827C52C88AB}.Release|iPhoneSimulator.ActiveCfg = Release|Any CPU
		{FDC7C720-EF66-4568-AF07-D827C52C88AB}.Release|iPhoneSimulator.Build.0 = Release|Any CPU
		{FDC7C720-EF66-4568-AF07-D827C52C88AB}.Release|x64.ActiveCfg = Release|Any CPU
		{FDC7C720-EF66-4568-AF07-D827C52C88AB}.Release|x64.Build.0 = Release|Any CPU
		{FDC7C720-EF66-4568-AF07-D827C52C88AB}.Release|x86.ActiveCfg = Release|Any CPU
		{FDC7C720-EF66-4568-AF07-D827C52C88AB}.Release|x86.Build.0 = Release|Any CPU
		{0CA3FA7A-E40E-467C-B1D1-63E6971BC03D}.Debug|Any CPU.ActiveCfg = Debug|Any CPU
		{0CA3FA7A-E40E-467C-B1D1-63E6971BC03D}.Debug|Any CPU.Build.0 = Debug|Any CPU
		{0CA3FA7A-E40E-467C-B1D1-63E6971BC03D}.Debug|Any CPU.Deploy.0 = Debug|Any CPU
		{0CA3FA7A-E40E-467C-B1D1-63E6971BC03D}.Debug|iPhone.ActiveCfg = Debug|Any CPU
		{0CA3FA7A-E40E-467C-B1D1-63E6971BC03D}.Debug|iPhone.Build.0 = Debug|Any CPU
		{0CA3FA7A-E40E-467C-B1D1-63E6971BC03D}.Debug|iPhone.Deploy.0 = Debug|Any CPU
		{0CA3FA7A-E40E-467C-B1D1-63E6971BC03D}.Debug|iPhoneSimulator.ActiveCfg = Debug|Any CPU
		{0CA3FA7A-E40E-467C-B1D1-63E6971BC03D}.Debug|iPhoneSimulator.Build.0 = Debug|Any CPU
		{0CA3FA7A-E40E-467C-B1D1-63E6971BC03D}.Debug|iPhoneSimulator.Deploy.0 = Debug|Any CPU
		{0CA3FA7A-E40E-467C-B1D1-63E6971BC03D}.Debug|x64.ActiveCfg = Debug|Any CPU
		{0CA3FA7A-E40E-467C-B1D1-63E6971BC03D}.Debug|x64.Build.0 = Debug|Any CPU
		{0CA3FA7A-E40E-467C-B1D1-63E6971BC03D}.Debug|x64.Deploy.0 = Debug|Any CPU
		{0CA3FA7A-E40E-467C-B1D1-63E6971BC03D}.Debug|x86.ActiveCfg = Debug|Any CPU
		{0CA3FA7A-E40E-467C-B1D1-63E6971BC03D}.Debug|x86.Build.0 = Debug|Any CPU
		{0CA3FA7A-E40E-467C-B1D1-63E6971BC03D}.Debug|x86.Deploy.0 = Debug|Any CPU
		{0CA3FA7A-E40E-467C-B1D1-63E6971BC03D}.Release|Any CPU.ActiveCfg = Release|Any CPU
		{0CA3FA7A-E40E-467C-B1D1-63E6971BC03D}.Release|Any CPU.Build.0 = Release|Any CPU
		{0CA3FA7A-E40E-467C-B1D1-63E6971BC03D}.Release|Any CPU.Deploy.0 = Release|Any CPU
		{0CA3FA7A-E40E-467C-B1D1-63E6971BC03D}.Release|iPhone.ActiveCfg = Release|Any CPU
		{0CA3FA7A-E40E-467C-B1D1-63E6971BC03D}.Release|iPhone.Build.0 = Release|Any CPU
		{0CA3FA7A-E40E-467C-B1D1-63E6971BC03D}.Release|iPhone.Deploy.0 = Release|Any CPU
		{0CA3FA7A-E40E-467C-B1D1-63E6971BC03D}.Release|iPhoneSimulator.ActiveCfg = Release|Any CPU
		{0CA3FA7A-E40E-467C-B1D1-63E6971BC03D}.Release|iPhoneSimulator.Build.0 = Release|Any CPU
		{0CA3FA7A-E40E-467C-B1D1-63E6971BC03D}.Release|iPhoneSimulator.Deploy.0 = Release|Any CPU
		{0CA3FA7A-E40E-467C-B1D1-63E6971BC03D}.Release|x64.ActiveCfg = Release|Any CPU
		{0CA3FA7A-E40E-467C-B1D1-63E6971BC03D}.Release|x64.Build.0 = Release|Any CPU
		{0CA3FA7A-E40E-467C-B1D1-63E6971BC03D}.Release|x64.Deploy.0 = Release|Any CPU
		{0CA3FA7A-E40E-467C-B1D1-63E6971BC03D}.Release|x86.ActiveCfg = Release|Any CPU
		{0CA3FA7A-E40E-467C-B1D1-63E6971BC03D}.Release|x86.Build.0 = Release|Any CPU
		{0CA3FA7A-E40E-467C-B1D1-63E6971BC03D}.Release|x86.Deploy.0 = Release|Any CPU
		{1ABF85D6-1C14-48ED-8DB4-5A2EBAF67F7E}.Debug|Any CPU.ActiveCfg = Debug|iPhone
		{1ABF85D6-1C14-48ED-8DB4-5A2EBAF67F7E}.Debug|iPhone.ActiveCfg = Debug|iPhone
		{1ABF85D6-1C14-48ED-8DB4-5A2EBAF67F7E}.Debug|iPhone.Build.0 = Debug|iPhone
		{1ABF85D6-1C14-48ED-8DB4-5A2EBAF67F7E}.Debug|iPhoneSimulator.ActiveCfg = Debug|iPhoneSimulator
		{1ABF85D6-1C14-48ED-8DB4-5A2EBAF67F7E}.Debug|iPhoneSimulator.Build.0 = Debug|iPhoneSimulator
		{1ABF85D6-1C14-48ED-8DB4-5A2EBAF67F7E}.Debug|x64.ActiveCfg = Debug|iPhone
		{1ABF85D6-1C14-48ED-8DB4-5A2EBAF67F7E}.Debug|x86.ActiveCfg = Debug|iPhone
		{1ABF85D6-1C14-48ED-8DB4-5A2EBAF67F7E}.Release|Any CPU.ActiveCfg = Release|iPhone
		{1ABF85D6-1C14-48ED-8DB4-5A2EBAF67F7E}.Release|iPhone.ActiveCfg = Release|iPhone
		{1ABF85D6-1C14-48ED-8DB4-5A2EBAF67F7E}.Release|iPhone.Build.0 = Release|iPhone
		{1ABF85D6-1C14-48ED-8DB4-5A2EBAF67F7E}.Release|iPhoneSimulator.ActiveCfg = Release|iPhoneSimulator
		{1ABF85D6-1C14-48ED-8DB4-5A2EBAF67F7E}.Release|iPhoneSimulator.Build.0 = Release|iPhoneSimulator
		{1ABF85D6-1C14-48ED-8DB4-5A2EBAF67F7E}.Release|x64.ActiveCfg = Release|iPhone
		{1ABF85D6-1C14-48ED-8DB4-5A2EBAF67F7E}.Release|x86.ActiveCfg = Release|iPhone
		{7ED2BE16-937C-4257-80F2-C7D2FFBE011F}.Debug|Any CPU.ActiveCfg = Debug|Any CPU
		{7ED2BE16-937C-4257-80F2-C7D2FFBE011F}.Debug|Any CPU.Build.0 = Debug|Any CPU
		{7ED2BE16-937C-4257-80F2-C7D2FFBE011F}.Debug|iPhone.ActiveCfg = Debug|Any CPU
		{7ED2BE16-937C-4257-80F2-C7D2FFBE011F}.Debug|iPhone.Build.0 = Debug|Any CPU
		{7ED2BE16-937C-4257-80F2-C7D2FFBE011F}.Debug|iPhoneSimulator.ActiveCfg = Debug|Any CPU
		{7ED2BE16-937C-4257-80F2-C7D2FFBE011F}.Debug|iPhoneSimulator.Build.0 = Debug|Any CPU
		{7ED2BE16-937C-4257-80F2-C7D2FFBE011F}.Debug|x64.ActiveCfg = Debug|Any CPU
		{7ED2BE16-937C-4257-80F2-C7D2FFBE011F}.Debug|x64.Build.0 = Debug|Any CPU
		{7ED2BE16-937C-4257-80F2-C7D2FFBE011F}.Debug|x86.ActiveCfg = Debug|Any CPU
		{7ED2BE16-937C-4257-80F2-C7D2FFBE011F}.Debug|x86.Build.0 = Debug|Any CPU
		{7ED2BE16-937C-4257-80F2-C7D2FFBE011F}.Release|Any CPU.ActiveCfg = Release|Any CPU
		{7ED2BE16-937C-4257-80F2-C7D2FFBE011F}.Release|Any CPU.Build.0 = Release|Any CPU
		{7ED2BE16-937C-4257-80F2-C7D2FFBE011F}.Release|iPhone.ActiveCfg = Release|Any CPU
		{7ED2BE16-937C-4257-80F2-C7D2FFBE011F}.Release|iPhone.Build.0 = Release|Any CPU
		{7ED2BE16-937C-4257-80F2-C7D2FFBE011F}.Release|iPhoneSimulator.ActiveCfg = Release|Any CPU
		{7ED2BE16-937C-4257-80F2-C7D2FFBE011F}.Release|iPhoneSimulator.Build.0 = Release|Any CPU
		{7ED2BE16-937C-4257-80F2-C7D2FFBE011F}.Release|x64.ActiveCfg = Release|Any CPU
		{7ED2BE16-937C-4257-80F2-C7D2FFBE011F}.Release|x64.Build.0 = Release|Any CPU
		{7ED2BE16-937C-4257-80F2-C7D2FFBE011F}.Release|x86.ActiveCfg = Release|Any CPU
		{7ED2BE16-937C-4257-80F2-C7D2FFBE011F}.Release|x86.Build.0 = Release|Any CPU
	EndGlobalSection
	GlobalSection(SolutionProperties) = preSolution
		HideSolutionNode = FALSE
	EndGlobalSection
	GlobalSection(ExtensibilityGlobals) = postSolution
		SolutionGuid = {5B242B51-B959-44A5-B121-934140AF48CC}
	EndGlobalSection
EndGlobal
